
Microsoft Visual Studio Solution File, Format Version 12.00
# Visual Studio Version 17
VisualStudioVersion = 17.9.34728.123
MinimumVisualStudioVersion = 10.0.40219.1
Project("{FAE04EC0-301F-11D3-BF4B-00C04F79EFBC}") = "ADHDReader", "ADHDReader.csproj", "{EC4D1A71-E353-4566-B7FC-8ABC72FA79ED}"
EndProject
Global
	GlobalSection(SolutionConfigurationPlatforms) = preSolution
		Debug|Any CPU = Debug|Any CPU
		Release|Any CPU = Release|Any CPU
	EndGlobalSection
	GlobalSection(ProjectConfigurationPlatforms) = postSolution
		{EC4D1A71-E353-4566-B7FC-8ABC72FA79ED}.Debug|Any CPU.ActiveCfg = Debug|Any CPU
		{EC4D1A71-E353-4566-B7FC-8ABC72FA79ED}.Debug|Any CPU.Build.0 = Debug|Any CPU
		{EC4D1A71-E353-4566-B7FC-8ABC72FA79ED}.Release|Any CPU.ActiveCfg = Release|Any CPU
		{EC4D1A71-E353-4566-B7FC-8ABC72FA79ED}.Release|Any CPU.Build.0 = Release|Any CPU
	EndGlobalSection
	GlobalSection(SolutionProperties) = preSolution
		HideSolutionNode = FALSE
	EndGlobalSection
	GlobalSection(ExtensibilityGlobals) = postSolution
		SolutionGuid = {4AB0F1BF-D440-4180-8F43-AB6909D247E0}
	EndGlobalSection
EndGlobal
